
Microsoft Visual Studio Solution File, Format Version 12.00
# Visual Studio Version 16
VisualStudioVersion = 16.0.30717.126
MinimumVisualStudioVersion = 10.0.40219.1
Project("{FAE04EC0-301F-11D3-BF4B-00C04F79EFBC}") = "QuickSetup.UI", "QuickSetup.UI\QuickSetup.UI.csproj", "{FB06B58C-56D5-4953-8D50-8E3BFE80723E}"
EndProject
Global
	GlobalSection(SolutionConfigurationPlatforms) = preSolution
		Debug|Any CPU = Debug|Any CPU
		Release|Any CPU = Release|Any CPU
	EndGlobalSection
	GlobalSection(ProjectConfigurationPlatforms) = postSolution
		{FB06B58C-56D5-4953-8D50-8E3BFE80723E}.Debug|Any CPU.ActiveCfg = Debug|Any CPU
		{FB06B58C-56D5-4953-8D50-8E3BFE80723E}.Debug|Any CPU.Build.0 = Debug|Any CPU
		{FB06B58C-56D5-4953-8D50-8E3BFE80723E}.Release|Any CPU.ActiveCfg = Release|Any CPU
		{FB06B58C-56D5-4953-8D50-8E3BFE80723E}.Release|Any CPU.Build.0 = Release|Any CPU
	EndGlobalSection
	GlobalSection(SolutionProperties) = preSolution
		HideSolutionNode = FALSE
	EndGlobalSection
	GlobalSection(ExtensibilityGlobals) = postSolution
		SolutionGuid = {87BB34CE-1974-4C50-9E3B-B2EEC46BE9E5}
	EndGlobalSection
EndGlobal
